
Microsoft Visual Studio Solution File, Format Version 12.00
# Visual Studio Version 17
VisualStudioVersion = 17.0.31815.197
MinimumVisualStudioVersion = 10.0.40219.1
Project("{FAE04EC0-301F-11D3-BF4B-00C04F79EFBC}") = "course", "course.csproj", "{7EE7C32F-A3EA-4F7A-BD77-08F2997E4A30}"
EndProject
Global
	GlobalSection(SolutionConfigurationPlatforms) = preSolution
		Debug|Any CPU = Debug|Any CPU
		Release|Any CPU = Release|Any CPU
	EndGlobalSection
	GlobalSection(ProjectConfigurationPlatforms) = postSolution
		{7EE7C32F-A3EA-4F7A-BD77-08F2997E4A30}.Debug|Any CPU.ActiveCfg = Debug|Any CPU
		{7EE7C32F-A3EA-4F7A-BD77-08F2997E4A30}.Debug|Any CPU.Build.0 = Debug|Any CPU
		{7EE7C32F-A3EA-4F7A-BD77-08F2997E4A30}.Release|Any CPU.ActiveCfg = Release|Any CPU
		{7EE7C32F-A3EA-4F7A-BD77-08F2997E4A30}.Release|Any CPU.Build.0 = Release|Any CPU
	EndGlobalSection
	GlobalSection(SolutionProperties) = preSolution
		HideSolutionNode = FALSE
	EndGlobalSection
	GlobalSection(ExtensibilityGlobals) = postSolution
		SolutionGuid = {8EE2EF16-6E9E-4EE3-AC55-B4B0E1843580}
	EndGlobalSection
EndGlobal
